{
  "originHash" : "4d57d70faad8a8ee2c69dafb47134f62e61931d10aba4ef904380531acde3327",
  "pins" : [
    {
      "identity" : "libghostty-spm",
      "kind" : "remoteSourceControl",
      "location" : "https://github.com/sethdeckard/libghostty-spm.git",
      "state" : {
        "revision" : "c3eee6ed01914e1c0e306771a62c2df1192eda2c",
        "version" : "0.2.0"
      }
    },
    {
      "identity" : "sparkle",
      "kind" : "remoteSourceControl",
      "location" : "https://github.com/sparkle-project/Sparkle",
      "state" : {
        "revision" : "b6496a74a087257ef5e6da1c5b29a447a60f5bd7",
        "version" : "2.9.4"
      }
    },
    {
      "identity" : "swift-argument-parser",
      "kind" : "remoteSourceControl",
      "location" : "https://github.com/apple/swift-argument-parser",
      "state" : {
        "revision" : "6a52f3251125d74daf04fcbd5e6f08a75d074382",
        "version" : "1.8.2"
      }
    },
    {
      "identity" : "swift-cmark",
      "kind" : "remoteSourceControl",
      "location" : "https://github.com/swiftlang/swift-cmark.git",
      "state" : {
        "revision" : "924936d0427cb25a61169739a7660230bffa6ea6",
        "version" : "0.8.0"
      }
    },
    {
      "identity" : "swift-markdown",
      "kind" : "remoteSourceControl",
      "location" : "https://github.com/apple/swift-markdown.git",
      "state" : {
        "revision" : "3c6f9523da3a1ec2fd829673e472d95b8097a3b8",
        "version" : "0.8.0"
      }
    }
  ],
  "version" : 3
}
